
Microsoft Visual Studio Solution File, Format Version 12.00
# Visual Studio Version 17
VisualStudioVersion = 17.10.35027.167
MinimumVisualStudioVersion = 10.0.40219.1
Project("{FAE04EC0-301F-11D3-BF4B-00C04F79EFBC}") = "ChopperStoreAngularTest", "ChopperStoreAngularTest\ChopperStoreAngularTest.csproj", "{02A20440-D37A-468C-B67E-4BED2317EB39}"
EndProject
Global
	GlobalSection(SolutionConfigurationPlatforms) = preSolution
		Debug|Any CPU = Debug|Any CPU
		Release|Any CPU = Release|Any CPU
	EndGlobalSection
	GlobalSection(ProjectConfigurationPlatforms) = postSolution
		{02A20440-D37A-468C-B67E-4BED2317EB39}.Debug|Any CPU.ActiveCfg = Debug|Any CPU
		{02A20440-D37A-468C-B67E-4BED2317EB39}.Debug|Any CPU.Build.0 = Debug|Any CPU
		{02A20440-D37A-468C-B67E-4BED2317EB39}.Release|Any CPU.ActiveCfg = Release|Any CPU
		{02A20440-D37A-468C-B67E-4BED2317EB39}.Release|Any CPU.Build.0 = Release|Any CPU
	EndGlobalSection
	GlobalSection(SolutionProperties) = preSolution
		HideSolutionNode = FALSE
	EndGlobalSection
	GlobalSection(ExtensibilityGlobals) = postSolution
		SolutionGuid = {F58AB32B-F421-40BA-9E4D-DE894AB6B6CF}
	EndGlobalSection
EndGlobal
